
Microsoft Visual Studio Solution File, Format Version 12.00
# Visual Studio Version 17
VisualStudioVersion = 17.1.32414.318
MinimumVisualStudioVersion = 10.0.40219.1
Project("{FAE04EC0-301F-11D3-BF4B-00C04F79EFBC}") = "NSGOWinFormsApp", "NSGOWinFormsApp.csproj", "{0B2FE174-A2F9-4E36-BB49-119C9A113F7F}"
EndProject
Global
	GlobalSection(SolutionConfigurationPlatforms) = preSolution
		Debug|Any CPU = Debug|Any CPU
		Release|Any CPU = Release|Any CPU
	EndGlobalSection
	GlobalSection(ProjectConfigurationPlatforms) = postSolution
		{0B2FE174-A2F9-4E36-BB49-119C9A113F7F}.Debug|Any CPU.ActiveCfg = Debug|Any CPU
		{0B2FE174-A2F9-4E36-BB49-119C9A113F7F}.Debug|Any CPU.Build.0 = Debug|Any CPU
		{0B2FE174-A2F9-4E36-BB49-119C9A113F7F}.Release|Any CPU.ActiveCfg = Release|Any CPU
		{0B2FE174-A2F9-4E36-BB49-119C9A113F7F}.Release|Any CPU.Build.0 = Release|Any CPU
	EndGlobalSection
	GlobalSection(SolutionProperties) = preSolution
		HideSolutionNode = FALSE
	EndGlobalSection
	GlobalSection(ExtensibilityGlobals) = postSolution
		SolutionGuid = {2A40BEE9-33AB-4933-97F4-F82D832DB964}
	EndGlobalSection
EndGlobal
